{
  "name": "quiz-platform-data-cleaning-pipeline",
  "version": "1.0.0",
  "lockfileVersion": 3,
  "requires": true,
  "packages": {
    "": {
      "name": "quiz-platform-data-cleaning-pipeline",
      "version": "1.0.0",
      "dependencies": {
        "@dataform/core": "^3.0.0"
      }
    },
    "node_modules/@dataform/core": {
      "version": "3.0.64",
      "resolved": "https://registry.npmjs.org/@dataform/core/-/core-3.0.64.tgz",
      "integrity": "sha512-zBX5TqaOK/5JVLvSCGWRerrdpIQq0+ZxcuoZTXnCyYe75NUUkBoAsr8zo9tIiMv5rnWXpDOq4zilTkZM86WRqw==",
      "license": "Apache-2.0"
    }
  }
}
